
Microsoft Visual Studio Solution File, Format Version 12.00
# Visual Studio 14
VisualStudioVersion = 14.0.24720.0
MinimumVisualStudioVersion = 10.0.40219.1
Project("{FAE04EC0-301F-11D3-BF4B-00C04F79EFBC}") = "PersistDotNet", "PersistDotNet\PersistDotNet.csproj", "{52A5CAA6-902E-4073-A956-AE35881269E2}"
EndProject
Project("{FAE04EC0-301F-11D3-BF4B-00C04F79EFBC}") = "Examples", "Examples\Examples.csproj", "{4258C824-82E7-43DC-8CD8-307A21B1B4CE}"
EndProject
Global
	GlobalSection(SolutionConfigurationPlatforms) = preSolution
		Debug|Any CPU = Debug|Any CPU
		Release|Any CPU = Release|Any CPU
	EndGlobalSection
	GlobalSection(ProjectConfigurationPlatforms) = postSolution
		{52A5CAA6-902E-4073-A956-AE35881269E2}.Debug|Any CPU.ActiveCfg = Debug|Any CPU
		{52A5CAA6-902E-4073-A956-AE35881269E2}.Debug|Any CPU.Build.0 = Debug|Any CPU
		{52A5CAA6-902E-4073-A956-AE35881269E2}.Release|Any CPU.ActiveCfg = Release|Any CPU
		{52A5CAA6-902E-4073-A956-AE35881269E2}.Release|Any CPU.Build.0 = Release|Any CPU
		{4258C824-82E7-43DC-8CD8-307A21B1B4CE}.Debug|Any CPU.ActiveCfg = Debug|Any CPU
		{4258C824-82E7-43DC-8CD8-307A21B1B4CE}.Debug|Any CPU.Build.0 = Debug|Any CPU
		{4258C824-82E7-43DC-8CD8-307A21B1B4CE}.Release|Any CPU.ActiveCfg = Release|Any CPU
		{4258C824-82E7-43DC-8CD8-307A21B1B4CE}.Release|Any CPU.Build.0 = Release|Any CPU
	EndGlobalSection
	GlobalSection(SolutionProperties) = preSolution
		HideSolutionNode = FALSE
	EndGlobalSection
EndGlobal
